// !$*UTF8*$!
{
	archiveVersion = 1;
	classes = {
	};
	objectVersion = 55;
	objects = {

/* Begin PBXBuildFile section */
		32D99F85285A0D3C00B3B52F /* AppDelegate.swift in Sources */ = {isa = PBXBuildFile; fileRef = 32D99F84285A0D3C00B3B52F /* AppDelegate.swift */; };
		32D99F87285A0D3C00B3B52F /* SceneDelegate.swift in Sources */ = {isa = PBXBuildFile; fileRef = 32D99F86285A0D3C00B3B52F /* SceneDelegate.swift */; };
		32D99F89285A0D3C00B3B52F /* ViewController.swift in Sources */ = {isa = PBXBuildFile; fileRef = 32D99F88285A0D3C00B3B52F /* ViewController.swift */; };
		32D99F8C285A0D3C00B3B52F /* Main.storyboard in Resources */ = {isa = PBXBuildFile; fileRef = 32D99F8A285A0D3C00B3B52F /* Main.storyboard */; };
		32D99F8E285A0D3D00B3B52F /* Assets.xcassets in Resources */ = {isa = PBXBuildFile; fileRef = 32D99F8D285A0D3D00B3B52F /* Assets.xcassets */; };
		32D99F91285A0D3D00B3B52F /* LaunchScreen.storyboard in Resources */ = {isa = PBXBuildFile; fileRef = 32D99F8F285A0D3D00B3B52F /* LaunchScreen.storyboard */; };
		32D99F9C285A0D3D00B3B52F /* PetPassportTests.swift in Sources */ = {isa = PBXBuildFile; fileRef = 32D99F9B285A0D3D00B3B52F /* PetPassportTests.swift */; };
		32D99FA6285A0D3D00B3B52F /* PetPassportUITests.swift in Sources */ = {isa = PBXBuildFile; fileRef = 32D99FA5285A0D3D00B3B52F /* PetPassportUITests.swift */; };
		32D99FA8285A0D3D00B3B52F /* PetPassportUITestsLaunchTests.swift in Sources */ = {isa = PBXBuildFile; fileRef = 32D99FA7285A0D3D00B3B52F /* PetPassportUITestsLaunchTests.swift */; };
/* End PBXBuildFile section */

/* Begin PBXContainerItemProxy section */
		32D99F98285A0D3D00B3B52F /* PBXContainerItemProxy */ = {
			isa = PBXContainerItemProxy;
			containerPortal = 32D99F79285A0D3C00B3B52F /* Project object */;
			proxyType = 1;
			remoteGlobalIDString = 32D99F80285A0D3C00B3B52F;
			remoteInfo = PetPassport;
		};
		32D99FA2285A0D3D00B3B52F /* PBXContainerItemProxy */ = {
			isa = PBXContainerItemProxy;
			containerPortal = 32D99F79285A0D3C00B3B52F /* Project object */;
			proxyType = 1;
			remoteGlobalIDString = 32D99F80285A0D3C00B3B52F;
			remoteInfo = PetPassport;
		};
/* End PBXContainerItemProxy section */

/* Begin PBXFileReference section */
		32D99F81285A0D3C00B3B52F /* PetPassport.app */ = {isa = PBXFileReference; explicitFileType = wrapper.application; includeInIndex = 0; path = PetPassport.app; sourceTree = BUILT_PRODUCTS_DIR; };
		32D99F84285A0D3C00B3B52F /* AppDelegate.swift */ = {isa = PBXFileReference; lastKnownFileType = sourcecode.swift; path = AppDelegate.swift; sourceTree = "<group>"; };
		32D99F86285A0D3C00B3B52F /* SceneDelegate.swift */ = {isa = PBXFileReference; lastKnownFileType = sourcecode.swift; path = SceneDelegate.swift; sourceTree = "<group>"; };
		32D99F88285A0D3C00B3B52F /* ViewController.swift */ = {isa = PBXFileReference; lastKnownFileType = sourcecode.swift; path = ViewController.swift; sourceTree = "<group>"; };
		32D99F8B285A0D3C00B3B52F /* Base */ = {isa = PBXFileReference; lastKnownFileType = file.storyboard; name = Base; path = Base.lproj/Main.storyboard; sourceTree = "<group>"; };
		32D99F8D285A0D3D00B3B52F /* Assets.xcassets */ = {isa = PBXFileReference; lastKnownFileType = folder.assetcatalog; path = Assets.xcassets; sourceTree = "<group>"; };
		32D99F90285A0D3D00B3B52F /* Base */ = {isa = PBXFileReference; lastKnownFileType = file.storyboard; name = Base; path = Base.lproj/LaunchScreen.storyboard; sourceTree = "<group>"; };
		32D99F92285A0D3D00B3B52F /* Info.plist */ = {isa = PBXFileReference; lastKnownFileType = text.plist.xml; path = Info.plist; sourceTree = "<group>"; };
		32D99F97285A0D3D00B3B52F /* PetPassportTests.xctest */ = {isa = PBXFileReference; explicitFileType = wrapper.cfbundle; includeInIndex = 0; path = PetPassportTests.xctest; sourceTree = BUILT_PRODUCTS_DIR; };
		32D99F9B285A0D3D00B3B52F /* PetPassportTests.swift */ = {isa = PBXFileReference; lastKnownFileType = sourcecode.swift; path = PetPassportTests.swift; sourceTree = "<group>"; };
		32D99FA1285A0D3D00B3B52F /* PetPassportUITests.xctest */ = {isa = PBXFileReference; explicitFileType = wrapper.cfbundle; includeInIndex = 0; path = PetPassportUITests.xctest; sourceTree = BUILT_PRODUCTS_DIR; };
		32D99FA5285A0D3D00B3B52F /* PetPassportUITests.swift */ = {isa = PBXFileReference; lastKnownFileType = sourcecode.swift; path = PetPassportUITests.swift; sourceTree = "<group>"; };
		32D99FA7285A0D3D00B3B52F /* PetPassportUITestsLaunchTests.swift */ = {isa = PBXFileReference; lastKnownFileType = sourcecode.swift; path = PetPassportUITestsLaunchTests.swift; sourceTree = "<group>"; };
/* End PBXFileReference section */

/* Begin PBXFrameworksBuildPhase section */
		32D99F7E285A0D3C00B3B52F /* Frameworks */ = {
			isa = PBXFrameworksBuildPhase;
			buildActionMask = 2147483647;
			files = (
			);
			runOnlyForDeploymentPostprocessing = 0;
		};
		32D99F94285A0D3D00B3B52F /* Frameworks */ = {
			isa = PBXFrameworksBuildPhase;
			buildActionMask = 2147483647;
			files = (
			);
			runOnlyForDeploymentPostprocessing = 0;
		};
		32D99F9E285A0D3D00B3B52F /* Frameworks */ = {
			isa = PBXFrameworksBuildPhase;
			buildActionMask = 2147483647;
			files = (
			);
			runOnlyForDeploymentPostprocessing = 0;
		};
/* End PBXFrameworksBuildPhase section */

/* Begin PBXGroup section */
		32D99F78285A0D3C00B3B52F = {
			isa = PBXGroup;
			children = (
				32D99F83285A0D3C00B3B52F /* PetPassport */,
				32D99F9A285A0D3D00B3B52F /* PetPassportTests */,
				32D99FA4285A0D3D00B3B52F /* PetPassportUITests */,
				32D99F82285A0D3C00B3B52F /* Products */,
			);
			sourceTree = "<group>";
		};
		32D99F82285A0D3C00B3B52F /* Products */ = {
			isa = PBXGroup;
			children = (
				32D99F81285A0D3C00B3B52F /* PetPassport.app */,
				32D99F97285A0D3D00B3B52F /* PetPassportTests.xctest */,
				32D99FA1285A0D3D00B3B52F /* PetPassportUITests.xctest */,
			);
			name = Products;
			sourceTree = "<group>";
		};
		32D99F83285A0D3C00B3B52F /* PetPassport */ = {
			isa = PBXGroup;
			children = (
				32D99F84285A0D3C00B3B52F /* AppDelegate.swift */,
				32D99F86285A0D3C00B3B52F /* SceneDelegate.swift */,
				32D99F88285A0D3C00B3B52F /* ViewController.swift */,
				32D99F8A285A0D3C00B3B52F /* Main.storyboard */,
				32D99F8D285A0D3D00B3B52F /* Assets.xcassets */,
				32D99F8F285A0D3D00B3B52F /* LaunchScreen.storyboard */,
				32D99F92285A0D3D00B3B52F /* Info.plist */,
			);
			path = PetPassport;
			sourceTree = "<group>";
		};
		32D99F9A285A0D3D00B3B52F /* PetPassportTests */ = {
			isa = PBXGroup;
			children = (
				32D99F9B285A0D3D00B3B52F /* PetPassportTests.swift */,
			);
			path = PetPassportTests;
			sourceTree = "<group>";
		};
		32D99FA4285A0D3D00B3B52F /* PetPassportUITests */ = {
			isa = PBXGroup;
			children = (
				32D99FA5285A0D3D00B3B52F /* PetPassportUITests.swift */,
				32D99FA7285A0D3D00B3B52F /* PetPassportUITestsLaunchTests.swift */,
			);
			path = PetPassportUITests;
			sourceTree = "<group>";
		};
/* End PBXGroup section */

/* Begin PBXNativeTarget section */
		32D99F80285A0D3C00B3B52F /* PetPassport */ = {
			isa = PBXNativeTarget;
			buildConfigurationList = 32D99FAB285A0D3D00B3B52F /* Build configuration list for PBXNativeTarget "PetPassport" */;
			buildPhases = (
				32D99F7D285A0D3C00B3B52F /* Sources */,
				32D99F7E285A0D3C00B3B52F /* Frameworks */,
				32D99F7F285A0D3C00B3B52F /* Resources */,
			);
			buildRules = (
			);
			dependencies = (
			);
			name = PetPassport;
			productName = PetPassport;
			productReference = 32D99F81285A0D3C00B3B52F /* PetPassport.app */;
			productType = "com.apple.product-type.application";
		};
		32D99F96285A0D3D00B3B52F /* PetPassportTests */ = {
			isa = PBXNativeTarget;
			buildConfigurationList = 32D99FAE285A0D3D00B3B52F /* Build configuration list for PBXNativeTarget "PetPassportTests" */;
			buildPhases = (
				32D99F93285A0D3D00B3B52F /* Sources */,
				32D99F94285A0D3D00B3B52F /* Frameworks */,
				32D99F95285A0D3D00B3B52F /* Resources */,
			);
			buildRules = (
			);
			dependencies = (
				32D99F99285A0D3D00B3B52F /* PBXTargetDependency */,
			);
			name = PetPassportTests;
			productName = PetPassportTests;
			productReference = 32D99F97285A0D3D00B3B52F /* PetPassportTests.xctest */;
			productType = "com.apple.product-type.bundle.unit-test";
		};
		32D99FA0285A0D3D00B3B52F /* PetPassportUITests */ = {
			isa = PBXNativeTarget;
			buildConfigurationList = 32D99FB1285A0D3D00B3B52F /* Build configuration list for PBXNativeTarget "PetPassportUITests" */;
			buildPhases = (
				32D99F9D285A0D3D00B3B52F /* Sources */,
				32D99F9E285A0D3D00B3B52F /* Frameworks */,
				32D99F9F285A0D3D00B3B52F /* Resources */,
			);
			buildRules = (
			);
			dependencies = (
				32D99FA3285A0D3D00B3B52F /* PBXTargetDependency */,
			);
			name = PetPassportUITests;
			productName = PetPassportUITests;
			productReference = 32D99FA1285A0D3D00B3B52F /* PetPassportUITests.xctest */;
			productType = "com.apple.product-type.bundle.ui-testing";
		};
/* End PBXNativeTarget section */

/* Begin PBXProject section */
		32D99F79285A0D3C00B3B52F /* Project object */ = {
			isa = PBXProject;
			attributes = {
				BuildIndependentTargetsInParallel = 1;
				LastSwiftUpdateCheck = 1340;
				LastUpgradeCheck = 1340;
				TargetAttributes = {
					32D99F80285A0D3C00B3B52F = {
						CreatedOnToolsVersion = 13.4.1;
					};
					32D99F96285A0D3D00B3B52F = {
						CreatedOnToolsVersion = 13.4.1;
						TestTargetID = 32D99F80285A0D3C00B3B52F;
					};
					32D99FA0285A0D3D00B3B52F = {
						CreatedOnToolsVersion = 13.4.1;
						TestTargetID = 32D99F80285A0D3C00B3B52F;
					};
				};
			};
			buildConfigurationList = 32D99F7C285A0D3C00B3B52F /* Build configuration list for PBXProject "PetPassport" */;
			compatibilityVersion = "Xcode 13.0";
			developmentRegion = en;
			hasScannedForEncodings = 0;
			knownRegions = (
				en,
				Base,
			);
			mainGroup = 32D99F78285A0D3C00B3B52F;
			productRefGroup = 32D99F82285A0D3C00B3B52F /* Products */;
			projectDirPath = "";
			projectRoot = "";
			targets = (
				32D99F80285A0D3C00B3B52F /* PetPassport */,
				32D99F96285A0D3D00B3B52F /* PetPassportTests */,
				32D99FA0285A0D3D00B3B52F /* PetPassportUITests */,
			);
		};
/* End PBXProject section */

/* Begin PBXResourcesBuildPhase section */
		32D99F7F285A0D3C00B3B52F /* Resources */ = {
			isa = PBXResourcesBuildPhase;
			buildActionMask = 2147483647;
			files = (
				32D99F91285A0D3D00B3B52F /* LaunchScreen.storyboard in Resources */,
				32D99F8E285A0D3D00B3B52F /* Assets.xcassets in Resources */,
				32D99F8C285A0D3C00B3B52F /* Main.storyboard in Resources */,
			);
			runOnlyForDeploymentPostprocessing = 0;
		};
		32D99F95285A0D3D00B3B52F /* Resources */ = {
			isa = PBXResourcesBuildPhase;
			buildActionMask = 2147483647;
			files = (
			);
			runOnlyForDeploymentPostprocessing = 0;
		};
		32D99F9F285A0D3D00B3B52F /* Resources */ = {
			isa = PBXResourcesBuildPhase;
			buildActionMask = 2147483647;
			files = (
			);
			runOnlyForDeploymentPostprocessing = 0;
		};
/* End PBXResourcesBuildPhase section */

/* Begin PBXSourcesBuildPhase section */
		32D99F7D285A0D3C00B3B52F /* Sources */ = {
			isa = PBXSourcesBuildPhase;
			buildActionMask = 2147483647;
			files = (
				32D99F89285A0D3C00B3B52F /* ViewController.swift in Sources */,
				32D99F85285A0D3C00B3B52F /* AppDelegate.swift in Sources */,
				32D99F87285A0D3C00B3B52F /* SceneDelegate.swift in Sources */,
			);
			runOnlyForDeploymentPostprocessing = 0;
		};
		32D99F93285A0D3D00B3B52F /* Sources */ = {
			isa = PBXSourcesBuildPhase;
			buildActionMask = 2147483647;
			files = (
				32D99F9C285A0D3D00B3B52F /* PetPassportTests.swift in Sources */,
			);
			runOnlyForDeploymentPostprocessing = 0;
		};
		32D99F9D285A0D3D00B3B52F /* Sources */ = {
			isa = PBXSourcesBuildPhase;
			buildActionMask = 2147483647;
			files = (
				32D99FA8285A0D3D00B3B52F /* PetPassportUITestsLaunchTests.swift in Sources */,
				32D99FA6285A0D3D00B3B52F /* PetPassportUITests.swift in Sources */,
			);
			runOnlyForDeploymentPostprocessing = 0;
		};
/* End PBXSourcesBuildPhase section */

/* Begin PBXTargetDependency section */
		32D99F99285A0D3D00B3B52F /* PBXTargetDependency */ = {
			isa = PBXTargetDependency;
			target = 32D99F80285A0D3C00B3B52F /* PetPassport */;
			targetProxy = 32D99F98285A0D3D00B3B52F /* PBXContainerItemProxy */;
		};
		32D99FA3285A0D3D00B3B52F /* PBXTargetDependency */ = {
			isa = PBXTargetDependency;
			target = 32D99F80285A0D3C00B3B52F /* PetPassport */;
			targetProxy = 32D99FA2285A0D3D00B3B52F /* PBXContainerItemProxy */;
		};
/* End PBXTargetDependency section */

/* Begin PBXVariantGroup section */
		32D99F8A285A0D3C00B3B52F /* Main.storyboard */ = {
			isa = PBXVariantGroup;
			children = (
				32D99F8B285A0D3C00B3B52F /* Base */,
			);
			name = Main.storyboard;
			sourceTree = "<group>";
		};
		32D99F8F285A0D3D00B3B52F /* LaunchScreen.storyboard */ = {
			isa = PBXVariantGroup;
			children = (
				32D99F90285A0D3D00B3B52F /* Base */,
			);
			name = LaunchScreen.storyboard;
			sourceTree = "<group>";
		};
/* End PBXVariantGroup section */

/* Begin XCBuildConfiguration section */
		32D99FA9285A0D3D00B3B52F /* Debug */ = {
			isa = XCBuildConfiguration;
			buildSettings = {
				ALWAYS_SEARCH_USER_PATHS = NO;
				CLANG_ANALYZER_NONNULL = YES;
				CLANG_ANALYZER_NUMBER_OBJECT_CONVERSION = YES_AGGRESSIVE;
				CLANG_CXX_LANGUAGE_STANDARD = "gnu++17";
				CLANG_ENABLE_MODULES = YES;
				CLANG_ENABLE_OBJC_ARC = YES;
				CLANG_ENABLE_OBJC_WEAK = YES;
				CLANG_WARN_BLOCK_CAPTURE_AUTORELEASING = YES;
				CLANG_WARN_BOOL_CONVERSION = YES;
				CLANG_WARN_COMMA = YES;
				CLANG_WARN_CONSTANT_CONVERSION = YES;
				CLANG_WARN_DEPRECATED_OBJC_IMPLEMENTATIONS = YES;
				CLANG_WARN_DIRECT_OBJC_ISA_USAGE = YES_ERROR;
				CLANG_WARN_DOCUMENTATION_COMMENTS = YES;
				CLANG_WARN_EMPTY_BODY = YES;
				CLANG_WARN_ENUM_CONVERSION = YES;
				CLANG_WARN_INFINITE_RECURSION = YES;
				CLANG_WARN_INT_CONVERSION = YES;
				CLANG_WARN_NON_LITERAL_NULL_CONVERSION = YES;
				CLANG_WARN_OBJC_IMPLICIT_RETAIN_SELF = YES;
				CLANG_WARN_OBJC_LITERAL_CONVERSION = YES;
				CLANG_WARN_OBJC_ROOT_CLASS = YES_ERROR;
				CLANG_WARN_QUOTED_INCLUDE_IN_FRAMEWORK_HEADER = YES;
				CLANG_WARN_RANGE_LOOP_ANALYSIS = YES;
				CLANG_WARN_STRICT_PROTOTYPES = YES;
				CLANG_WARN_SUSPICIOUS_MOVE = YES;
				CLANG_WARN_UNGUARDED_AVAILABILITY = YES_AGGRESSIVE;
				CLANG_WARN_UNREACHABLE_CODE = YES;
				CLANG_WARN__DUPLICATE_METHOD_MATCH = YES;
				COPY_PHASE_STRIP = NO;
				DEBUG_INFORMATION_FORMAT = dwarf;
				ENABLE_STRICT_OBJC_MSGSEND = YES;
				ENABLE_TESTABILITY = YES;
				GCC_C_LANGUAGE_STANDARD = gnu11;
				GCC_DYNAMIC_NO_PIC = NO;
				GCC_NO_COMMON_BLOCKS = YES;
				GCC_OPTIMIZATION_LEVEL = 0;
				GCC_PREPROCESSOR_DEFINITIONS = (
					"DEBUG=1",
					"$(inherited)",
				);
				GCC_WARN_64_TO_32_BIT_CONVERSION = YES;
				GCC_WARN_ABOUT_RETURN_TYPE = YES_ERROR;
				GCC_WARN_UNDECLARED_SELECTOR = YES;
				GCC_WARN_UNINITIALIZED_AUTOS = YES_AGGRESSIVE;
				GCC_WARN_UNUSED_FUNCTION = YES;
				GCC_WARN_UNUSED_VARIABLE = YES;
				IPHONEOS_DEPLOYMENT_TARGET = 15.5;
				MTL_ENABLE_DEBUG_INFO = INCLUDE_SOURCE;
				MTL_FAST_MATH = YES;
				ONLY_ACTIVE_ARCH = YES;
				SDKROOT = iphoneos;
				SWIFT_ACTIVE_COMPILATION_CONDITIONS = DEBUG;
				SWIFT_OPTIMIZATION_LEVEL = "-Onone";
			};
			name = Debug;
		};
		32D99FAA285A0D3D00B3B52F /* Release */ = {
			isa = XCBuildConfiguration;
			buildSettings = {
				ALWAYS_SEARCH_USER_PATHS = NO;
				CLANG_ANALYZER_NONNULL = YES;
				CLANG_ANALYZER_NUMBER_OBJECT_CONVERSION = YES_AGGRESSIVE;
				CLANG_CXX_LANGUAGE_STANDARD = "gnu++17";
				CLANG_ENABLE_MODULES = YES;
				CLANG_ENABLE_OBJC_ARC = YES;
				CLANG_ENABLE_OBJC_WEAK = YES;
				CLANG_WARN_BLOCK_CAPTURE_AUTORELEASING = YES;
				CLANG_WARN_BOOL_CONVERSION = YES;
				CLANG_WARN_COMMA = YES;
				CLANG_WARN_CONSTANT_CONVERSION = YES;
				CLANG_WARN_DEPRECATED_OBJC_IMPLEMENTATIONS = YES;
				CLANG_WARN_DIRECT_OBJC_ISA_USAGE = YES_ERROR;
				CLANG_WARN_DOCUMENTATION_COMMENTS = YES;
				CLANG_WARN_EMPTY_BODY = YES;
				CLANG_WARN_ENUM_CONVERSION = YES;
				CLANG_WARN_INFINITE_RECURSION = YES;
				CLANG_WARN_INT_CONVERSION = YES;
				CLANG_WARN_NON_LITERAL_NULL_CONVERSION = YES;
				CLANG_WARN_OBJC_IMPLICIT_RETAIN_SELF = YES;
				CLANG_WARN_OBJC_LITERAL_CONVERSION = YES;
				CLANG_WARN_OBJC_ROOT_CLASS = YES_ERROR;
				CLANG_WARN_QUOTED_INCLUDE_IN_FRAMEWORK_HEADER = YES;
				CLANG_WARN_RANGE_LOOP_ANALYSIS = YES;
				CLANG_WARN_STRICT_PROTOTYPES = YES;
				CLANG_WARN_SUSPICIOUS_MOVE = YES;
				CLANG_WARN_UNGUARDED_AVAILABILITY = YES_AGGRESSIVE;
				CLANG_WARN_UNREACHABLE_CODE = YES;
				CLANG_WARN__DUPLICATE_METHOD_MATCH = YES;
				COPY_PHASE_STRIP = NO;
				DEBUG_INFORMATION_FORMAT = "dwarf-with-dsym";
				ENABLE_NS_ASSERTIONS = NO;
				ENABLE_STRICT_OBJC_MSGSEND = YES;
				GCC_C_LANGUAGE_STANDARD = gnu11;
				GCC_NO_COMMON_BLOCKS = YES;
				GCC_WARN_64_TO_32_BIT_CONVERSION = YES;
				GCC_WARN_ABOUT_RETURN_TYPE = YES_ERROR;
				GCC_WARN_UNDECLARED_SELECTOR = YES;
				GCC_WARN_UNINITIALIZED_AUTOS = YES_AGGRESSIVE;
				GCC_WARN_UNUSED_FUNCTION = YES;
				GCC_WARN_UNUSED_VARIABLE = YES;
				IPHONEOS_DEPLOYMENT_TARGET = 15.5;
				MTL_ENABLE_DEBUG_INFO = NO;
				MTL_FAST_MATH = YES;
				SDKROOT = iphoneos;
				SWIFT_COMPILATION_MODE = wholemodule;
				SWIFT_OPTIMIZATION_LEVEL = "-O";
				VALIDATE_PRODUCT = YES;
			};
			name = Release;
		};
		32D99FAC285A0D3D00B3B52F /* Debug */ = {
			isa = XCBuildConfiguration;
			buildSettings = {
				ASSETCATALOG_COMPILER_APPICON_NAME = AppIcon;
				ASSETCATALOG_COMPILER_GLOBAL_ACCENT_COLOR_NAME = AccentColor;
				CODE_SIGN_STYLE = Automatic;
				CURRENT_PROJECT_VERSION = 1;
				DEVELOPMENT_TEAM = VG77VG4QZG;
				GENERATE_INFOPLIST_FILE = YES;
				INFOPLIST_FILE = PetPassport/Info.plist;
				INFOPLIST_KEY_UIApplicationSupportsIndirectInputEvents = YES;
				INFOPLIST_KEY_UILaunchStoryboardName = LaunchScreen;
				INFOPLIST_KEY_UIMainStoryboardFile = Main;
				INFOPLIST_KEY_UISupportedInterfaceOrientations_iPad = "UIInterfaceOrientationPortrait UIInterfaceOrientationPortraitUpsideDown UIInterfaceOrientationLandscapeLeft UIInterfaceOrientationLandscapeRight";
				INFOPLIST_KEY_UISupportedInterfaceOrientations_iPhone = "UIInterfaceOrientationPortrait UIInterfaceOrientationLandscapeLeft UIInterfaceOrientationLandscapeRight";
				LD_RUNPATH_SEARCH_PATHS = (
					"$(inherited)",
					"@executable_path/Frameworks",
				);
				MARKETING_VERSION = 1.0;
				PRODUCT_BUNDLE_IDENTIFIER = "Dima-Dovhun.PetPassport";
				PRODUCT_NAME = "$(TARGET_NAME)";
				SWIFT_EMIT_LOC_STRINGS = YES;
				SWIFT_VERSION = 5.0;
				TARGETED_DEVICE_FAMILY = "1,2";
			};
			name = Debug;
		};
		32D99FAD285A0D3D00B3B52F /* Release */ = {
			isa = XCBuildConfiguration;
			buildSettings = {
				ASSETCATALOG_COMPILER_APPICON_NAME = AppIcon;
				ASSETCATALOG_COMPILER_GLOBAL_ACCENT_COLOR_NAME = AccentColor;
				CODE_SIGN_STYLE = Automatic;
				CURRENT_PROJECT_VERSION = 1;
				DEVELOPMENT_TEAM = VG77VG4QZG;
				GENERATE_INFOPLIST_FILE = YES;
				INFOPLIST_FILE = PetPassport/Info.plist;
				INFOPLIST_KEY_UIApplicationSupportsIndirectInputEvents = YES;
				INFOPLIST_KEY_UILaunchStoryboardName = LaunchScreen;
				INFOPLIST_KEY_UIMainStoryboardFile = Main;
				INFOPLIST_KEY_UISupportedInterfaceOrientations_iPad = "UIInterfaceOrientationPortrait UIInterfaceOrientationPortraitUpsideDown UIInterfaceOrientationLandscapeLeft UIInterfaceOrientationLandscapeRight";
				INFOPLIST_KEY_UISupportedInterfaceOrientations_iPhone = "UIInterfaceOrientationPortrait UIInterfaceOrientationLandscapeLeft UIInterfaceOrientationLandscapeRight";
				LD_RUNPATH_SEARCH_PATHS = (
					"$(inherited)",
					"@executable_path/Frameworks",
				);
				MARKETING_VERSION = 1.0;
				PRODUCT_BUNDLE_IDENTIFIER = "Dima-Dovhun.PetPassport";
				PRODUCT_NAME = "$(TARGET_NAME)";
				SWIFT_EMIT_LOC_STRINGS = YES;
				SWIFT_VERSION = 5.0;
				TARGETED_DEVICE_FAMILY = "1,2";
			};
			name = Release;
		};
		32D99FAF285A0D3D00B3B52F /* Debug */ = {
			isa = XCBuildConfiguration;
			buildSettings = {
				ALWAYS_EMBED_SWIFT_STANDARD_LIBRARIES = YES;
				BUNDLE_LOADER = "$(TEST_HOST)";
				CODE_SIGN_STYLE = Automatic;
				CURRENT_PROJECT_VERSION = 1;
				DEVELOPMENT_TEAM = VG77VG4QZG;
				GENERATE_INFOPLIST_FILE = YES;
				IPHONEOS_DEPLOYMENT_TARGET = 15.5;
				MARKETING_VERSION = 1.0;
				PRODUCT_BUNDLE_IDENTIFIER = "Dima-Dovhun.PetPassportTests";
				PRODUCT_NAME = "$(TARGET_NAME)";
				SWIFT_EMIT_LOC_STRINGS = NO;
				SWIFT_VERSION = 5.0;
				TARGETED_DEVICE_FAMILY = "1,2";
				TEST_HOST = "$(BUILT_PRODUCTS_DIR)/PetPassport.app/PetPassport";
			};
			name = Debug;
		};
		32D99FB0285A0D3D00B3B52F /* Release */ = {
			isa = XCBuildConfiguration;
			buildSettings = {
				ALWAYS_EMBED_SWIFT_STANDARD_LIBRARIES = YES;
				BUNDLE_LOADER = "$(TEST_HOST)";
				CODE_SIGN_STYLE = Automatic;
				CURRENT_PROJECT_VERSION = 1;
				DEVELOPMENT_TEAM = VG77VG4QZG;
				GENERATE_INFOPLIST_FILE = YES;
				IPHONEOS_DEPLOYMENT_TARGET = 15.5;
				MARKETING_VERSION = 1.0;
				PRODUCT_BUNDLE_IDENTIFIER = "Dima-Dovhun.PetPassportTests";
				PRODUCT_NAME = "$(TARGET_NAME)";
				SWIFT_EMIT_LOC_STRINGS = NO;
				SWIFT_VERSION = 5.0;
				TARGETED_DEVICE_FAMILY = "1,2";
				TEST_HOST = "$(BUILT_PRODUCTS_DIR)/PetPassport.app/PetPassport";
			};
			name = Release;
		};
		32D99FB2285A0D3D00B3B52F /* Debug */ = {
			isa = XCBuildConfiguration;
			buildSettings = {
				ALWAYS_EMBED_SWIFT_STANDARD_LIBRARIES = YES;
				CODE_SIGN_STYLE = Automatic;
				CURRENT_PROJECT_VERSION = 1;
				DEVELOPMENT_TEAM = VG77VG4QZG;
				GENERATE_INFOPLIST_FILE = YES;
				MARKETING_VERSION = 1.0;
				PRODUCT_BUNDLE_IDENTIFIER = "Dima-Dovhun.PetPassportUITests";
				PRODUCT_NAME = "$(TARGET_NAME)";
				SWIFT_EMIT_LOC_STRINGS = NO;
				SWIFT_VERSION = 5.0;
				TARGETED_DEVICE_FAMILY = "1,2";
				TEST_TARGET_NAME = PetPassport;
			};
			name = Debug;
		};
		32D99FB3285A0D3D00B3B52F /* Release */ = {
			isa = XCBuildConfiguration;
			buildSettings = {
				ALWAYS_EMBED_SWIFT_STANDARD_LIBRARIES = YES;
				CODE_SIGN_STYLE = Automatic;
				CURRENT_PROJECT_VERSION = 1;
				DEVELOPMENT_TEAM = VG77VG4QZG;
				GENERATE_INFOPLIST_FILE = YES;
				MARKETING_VERSION = 1.0;
				PRODUCT_BUNDLE_IDENTIFIER = "Dima-Dovhun.PetPassportUITests";
				PRODUCT_NAME = "$(TARGET_NAME)";
				SWIFT_EMIT_LOC_STRINGS = NO;
				SWIFT_VERSION = 5.0;
				TARGETED_DEVICE_FAMILY = "1,2";
				TEST_TARGET_NAME = PetPassport;
			};
			name = Release;
		};
/* End XCBuildConfiguration section */

/* Begin XCConfigurationList section */
		32D99F7C285A0D3C00B3B52F /* Build configuration list for PBXProject "PetPassport" */ = {
			isa = XCConfigurationList;
			buildConfigurations = (
				32D99FA9285A0D3D00B3B52F /* Debug */,
				32D99FAA285A0D3D00B3B52F /* Release */,
			);
			defaultConfigurationIsVisible = 0;
			defaultConfigurationName = Release;
		};
		32D99FAB285A0D3D00B3B52F /* Build configuration list for PBXNativeTarget "PetPassport" */ = {
			isa = XCConfigurationList;
			buildConfigurations = (
				32D99FAC285A0D3D00B3B52F /* Debug */,
				32D99FAD285A0D3D00B3B52F /* Release */,
			);
			defaultConfigurationIsVisible = 0;
			defaultConfigurationName = Release;
		};
		32D99FAE285A0D3D00B3B52F /* Build configuration list for PBXNativeTarget "PetPassportTests" */ = {
			isa = XCConfigurationList;
			buildConfigurations = (
				32D99FAF285A0D3D00B3B52F /* Debug */,
				32D99FB0285A0D3D00B3B52F /* Release */,
			);
			defaultConfigurationIsVisible = 0;
			defaultConfigurationName = Release;
		};
		32D99FB1285A0D3D00B3B52F /* Build configuration list for PBXNativeTarget "PetPassportUITests" */ = {
			isa = XCConfigurationList;
			buildConfigurations = (
				32D99FB2285A0D3D00B3B52F /* Debug */,
				32D99FB3285A0D3D00B3B52F /* Release */,
			);
			defaultConfigurationIsVisible = 0;
			defaultConfigurationName = Release;
		};
/* End XCConfigurationList section */
	};
	rootObject = 32D99F79285A0D3C00B3B52F /* Project object */;
}
